
Microsoft Visual Studio Solution File, Format Version 12.00
# Visual Studio Version 16
VisualStudioVersion = 16.0.31515.178
MinimumVisualStudioVersion = 10.0.40219.1
Project("{FAE04EC0-301F-11D3-BF4B-00C04F79EFBC}") = "Estoque", "Estoque\Estoque.csproj", "{89318958-249E-4625-AAE9-59653EC16CC5}"
EndProject
Global
	GlobalSection(SolutionConfigurationPlatforms) = preSolution
		Debug|Any CPU = Debug|Any CPU
		Release|Any CPU = Release|Any CPU
	EndGlobalSection
	GlobalSection(ProjectConfigurationPlatforms) = postSolution
		{89318958-249E-4625-AAE9-59653EC16CC5}.Debug|Any CPU.ActiveCfg = Debug|Any CPU
		{89318958-249E-4625-AAE9-59653EC16CC5}.Debug|Any CPU.Build.0 = Debug|Any CPU
		{89318958-249E-4625-AAE9-59653EC16CC5}.Release|Any CPU.ActiveCfg = Release|Any CPU
		{89318958-249E-4625-AAE9-59653EC16CC5}.Release|Any CPU.Build.0 = Release|Any CPU
	EndGlobalSection
	GlobalSection(SolutionProperties) = preSolution
		HideSolutionNode = FALSE
	EndGlobalSection
	GlobalSection(ExtensibilityGlobals) = postSolution
		SolutionGuid = {FF88080D-FCC3-4AAD-B8E8-5AD1850FB674}
	EndGlobalSection
EndGlobal
